
Microsoft Visual Studio Solution File, Format Version 12.00
# Visual Studio 15
VisualStudioVersion = 15.0.27130.2036
MinimumVisualStudioVersion = 10.0.40219.1
Project("{FAE04EC0-301F-11D3-BF4B-00C04F79EFBC}") = "TietokantasovellusMvc", "TietokantasovellusMvc\TietokantasovellusMvc.csproj", "{62D3C125-582B-4726-AA6C-906B8CB6414F}"
EndProject
Global
	GlobalSection(SolutionConfigurationPlatforms) = preSolution
		Debug|Any CPU = Debug|Any CPU
		Release|Any CPU = Release|Any CPU
	EndGlobalSection
	GlobalSection(ProjectConfigurationPlatforms) = postSolution
		{62D3C125-582B-4726-AA6C-906B8CB6414F}.Debug|Any CPU.ActiveCfg = Debug|Any CPU
		{62D3C125-582B-4726-AA6C-906B8CB6414F}.Debug|Any CPU.Build.0 = Debug|Any CPU
		{62D3C125-582B-4726-AA6C-906B8CB6414F}.Release|Any CPU.ActiveCfg = Release|Any CPU
		{62D3C125-582B-4726-AA6C-906B8CB6414F}.Release|Any CPU.Build.0 = Release|Any CPU
	EndGlobalSection
	GlobalSection(SolutionProperties) = preSolution
		HideSolutionNode = FALSE
	EndGlobalSection
	GlobalSection(ExtensibilityGlobals) = postSolution
		SolutionGuid = {7A3B88A9-8C49-4341-A4F6-5A07A698FC78}
	EndGlobalSection
EndGlobal
